
Microsoft Visual Studio Solution File, Format Version 12.00
# Visual Studio 14
VisualStudioVersion = 14.0.25420.1
MinimumVisualStudioVersion = 10.0.40219.1
Project("{2150E333-8FDC-42A3-9474-1A3956D46DE8}") = "Service", "Service", "{E73120AD-144E-42D0-80D5-77C2A8B689AC}"
EndProject
Project("{2150E333-8FDC-42A3-9474-1A3956D46DE8}") = "UI", "UI", "{D8453B8A-8AD1-4E62-A60C-DA95E346E38B}"
EndProject
Project("{2150E333-8FDC-42A3-9474-1A3956D46DE8}") = "Data", "Data", "{723D72D8-3FF0-46D0-9E69-A10D5A0D13CD}"
EndProject
Project("{FAE04EC0-301F-11D3-BF4B-00C04F79EFBC}") = "AKQA.Business", "AKQA.Business\AKQA.Business.csproj", "{5F98D10A-D9D5-4851-8808-B4174D520933}"
EndProject
Project("{2150E333-8FDC-42A3-9474-1A3956D46DE8}") = "API", "API", "{0FDB5CD7-7372-4C56-9D89-112EAEB6514B}"
EndProject
Project("{2150E333-8FDC-42A3-9474-1A3956D46DE8}") = "Test", "Test", "{2293D045-3630-4E2E-9105-AFD237F7FFCE}"
EndProject
Project("{FAE04EC0-301F-11D3-BF4B-00C04F79EFBC}") = "AKQA.Service", "AKQA.Service\AKQA.Service.csproj", "{1222BCA9-68E4-4DD8-B770-DC68C7C5BB06}"
EndProject
Project("{FAE04EC0-301F-11D3-BF4B-00C04F79EFBC}") = "AKQA.API", "AKQA.API\AKQA.API.csproj", "{A2B0FB5D-B29D-401C-A0FE-63046F6F6388}"
EndProject
Project("{2150E333-8FDC-42A3-9474-1A3956D46DE8}") = "Common", "Common", "{6F0286D2-8A40-4E76-A6EB-D16F39D33FEB}"
EndProject
Project("{FAE04EC0-301F-11D3-BF4B-00C04F79EFBC}") = "AKQA.Common", "AKQA.Common\AKQA.Common.csproj", "{382C180D-1949-41A4-A552-B91F57C89B59}"
EndProject
Project("{FAE04EC0-301F-11D3-BF4B-00C04F79EFBC}") = "AKQA.SharedLogic", "AKQA.SharedLogic\AKQA.SharedLogic.csproj", "{D9D600B5-8A9D-458F-8B50-6D2BC5655134}"
EndProject
Project("{FAE04EC0-301F-11D3-BF4B-00C04F79EFBC}") = "AKQA.UI2", "AKQA.UI2\AKQA.UI2.csproj", "{57CFE2AC-E794-43B5-A246-90AEDA144753}"
EndProject
Project("{FAE04EC0-301F-11D3-BF4B-00C04F79EFBC}") = "AKQA.xUnit", "AKQA.xUnit\AKQA.xUnit.csproj", "{BEA0F892-B1A8-4350-8289-0A9D644D53CB}"
EndProject
Global
	GlobalSection(SolutionConfigurationPlatforms) = preSolution
		Debug|Any CPU = Debug|Any CPU
		Release|Any CPU = Release|Any CPU
	EndGlobalSection
	GlobalSection(ProjectConfigurationPlatforms) = postSolution
		{5F98D10A-D9D5-4851-8808-B4174D520933}.Debug|Any CPU.ActiveCfg = Debug|Any CPU
		{5F98D10A-D9D5-4851-8808-B4174D520933}.Debug|Any CPU.Build.0 = Debug|Any CPU
		{5F98D10A-D9D5-4851-8808-B4174D520933}.Release|Any CPU.ActiveCfg = Release|Any CPU
		{5F98D10A-D9D5-4851-8808-B4174D520933}.Release|Any CPU.Build.0 = Release|Any CPU
		{1222BCA9-68E4-4DD8-B770-DC68C7C5BB06}.Debug|Any CPU.ActiveCfg = Debug|Any CPU
		{1222BCA9-68E4-4DD8-B770-DC68C7C5BB06}.Debug|Any CPU.Build.0 = Debug|Any CPU
		{1222BCA9-68E4-4DD8-B770-DC68C7C5BB06}.Release|Any CPU.ActiveCfg = Release|Any CPU
		{1222BCA9-68E4-4DD8-B770-DC68C7C5BB06}.Release|Any CPU.Build.0 = Release|Any CPU
		{A2B0FB5D-B29D-401C-A0FE-63046F6F6388}.Debug|Any CPU.ActiveCfg = Debug|Any CPU
		{A2B0FB5D-B29D-401C-A0FE-63046F6F6388}.Debug|Any CPU.Build.0 = Debug|Any CPU
		{A2B0FB5D-B29D-401C-A0FE-63046F6F6388}.Release|Any CPU.ActiveCfg = Release|Any CPU
		{A2B0FB5D-B29D-401C-A0FE-63046F6F6388}.Release|Any CPU.Build.0 = Release|Any CPU
		{382C180D-1949-41A4-A552-B91F57C89B59}.Debug|Any CPU.ActiveCfg = Debug|Any CPU
		{382C180D-1949-41A4-A552-B91F57C89B59}.Debug|Any CPU.Build.0 = Debug|Any CPU
		{382C180D-1949-41A4-A552-B91F57C89B59}.Release|Any CPU.ActiveCfg = Release|Any CPU
		{382C180D-1949-41A4-A552-B91F57C89B59}.Release|Any CPU.Build.0 = Release|Any CPU
		{D9D600B5-8A9D-458F-8B50-6D2BC5655134}.Debug|Any CPU.ActiveCfg = Debug|Any CPU
		{D9D600B5-8A9D-458F-8B50-6D2BC5655134}.Debug|Any CPU.Build.0 = Debug|Any CPU
		{D9D600B5-8A9D-458F-8B50-6D2BC5655134}.Release|Any CPU.ActiveCfg = Release|Any CPU
		{D9D600B5-8A9D-458F-8B50-6D2BC5655134}.Release|Any CPU.Build.0 = Release|Any CPU
		{57CFE2AC-E794-43B5-A246-90AEDA144753}.Debug|Any CPU.ActiveCfg = Debug|Any CPU
		{57CFE2AC-E794-43B5-A246-90AEDA144753}.Debug|Any CPU.Build.0 = Debug|Any CPU
		{57CFE2AC-E794-43B5-A246-90AEDA144753}.Release|Any CPU.ActiveCfg = Release|Any CPU
		{57CFE2AC-E794-43B5-A246-90AEDA144753}.Release|Any CPU.Build.0 = Release|Any CPU
		{BEA0F892-B1A8-4350-8289-0A9D644D53CB}.Debug|Any CPU.ActiveCfg = Debug|Any CPU
		{BEA0F892-B1A8-4350-8289-0A9D644D53CB}.Debug|Any CPU.Build.0 = Debug|Any CPU
		{BEA0F892-B1A8-4350-8289-0A9D644D53CB}.Release|Any CPU.ActiveCfg = Release|Any CPU
		{BEA0F892-B1A8-4350-8289-0A9D644D53CB}.Release|Any CPU.Build.0 = Release|Any CPU
	EndGlobalSection
	GlobalSection(SolutionProperties) = preSolution
		HideSolutionNode = FALSE
	EndGlobalSection
	GlobalSection(NestedProjects) = preSolution
		{5F98D10A-D9D5-4851-8808-B4174D520933} = {723D72D8-3FF0-46D0-9E69-A10D5A0D13CD}
		{1222BCA9-68E4-4DD8-B770-DC68C7C5BB06} = {E73120AD-144E-42D0-80D5-77C2A8B689AC}
		{A2B0FB5D-B29D-401C-A0FE-63046F6F6388} = {0FDB5CD7-7372-4C56-9D89-112EAEB6514B}
		{382C180D-1949-41A4-A552-B91F57C89B59} = {6F0286D2-8A40-4E76-A6EB-D16F39D33FEB}
		{D9D600B5-8A9D-458F-8B50-6D2BC5655134} = {6F0286D2-8A40-4E76-A6EB-D16F39D33FEB}
		{57CFE2AC-E794-43B5-A246-90AEDA144753} = {D8453B8A-8AD1-4E62-A60C-DA95E346E38B}
		{BEA0F892-B1A8-4350-8289-0A9D644D53CB} = {2293D045-3630-4E2E-9105-AFD237F7FFCE}
	EndGlobalSection
EndGlobal
